# This file was autogenerated by Stack.
# You should not edit this file by hand.
# For more information, please see the documentation at:
#   https://docs.haskellstack.org/en/stable/topics/lock_files

packages:
- completed:
    hackage: random-1.2.1.3@sha256:117541ba0a177397a3333f94870f789ef050dca31b0688a19824b2bc401b8823,6237
    pantry-tree:
      sha256: 79fdbb95ca2d108acb7b01903dbe288008cecbdc558105b7fdc095bfff7f3e09
      size: 1528
  original:
    hackage: random-1.2.1.3
- completed:
    hackage: splitmix-0.1.3.1@sha256:d0002f3fb16a2cc5ba8afd47a6657726386edccfe8853d310e3479fe3b45201b,6552
    pantry-tree:
      sha256: ee5cc5c14fc38941b91318872f8fe131881b35379a1b5b2b563ba739417661af
      size: 1642
  original:
    hackage: splitmix-0.1.3.1
snapshots: []
